// !$*UTF8*$!
{
	archiveVersion = 1;
	classes = {
	};
	objectVersion = 50;
	objects = {

/* Begin PBXBuildFile section */
		9990192A2179F80900E56F89 /* AppDelegate.swift in Sources */ = {isa = PBXBuildFile; fileRef = 999019292179F80900E56F89 /* AppDelegate.swift */; };
		9990192C2179F80900E56F89 /* ViewController.swift in Sources */ = {isa = PBXBuildFile; fileRef = 9990192B2179F80900E56F89 /* ViewController.swift */; };
		9990192F2179F80900E56F89 /* Main.storyboard in Resources */ = {isa = PBXBuildFile; fileRef = 9990192D2179F80900E56F89 /* Main.storyboard */; };
		999019312179F81200E56F89 /* Assets.xcassets in Resources */ = {isa = PBXBuildFile; fileRef = 999019302179F81200E56F89 /* Assets.xcassets */; };
		999019342179F81200E56F89 /* LaunchScreen.storyboard in Resources */ = {isa = PBXBuildFile; fileRef = 999019322179F81200E56F89 /* LaunchScreen.storyboard */; };
		9990193F2179F81200E56F89 /* Swift_002Tests.swift in Sources */ = {isa = PBXBuildFile; fileRef = 9990193E2179F81200E56F89 /* Swift_002Tests.swift */; };
		9990194A2179F81200E56F89 /* Swift_002UITests.swift in Sources */ = {isa = PBXBuildFile; fileRef = 999019492179F81200E56F89 /* Swift_002UITests.swift */; };
/* End PBXBuildFile section */

/* Begin PBXContainerItemProxy section */
		9990193B2179F81200E56F89 /* PBXContainerItemProxy */ = {
			isa = PBXContainerItemProxy;
			containerPortal = 9990191E2179F80900E56F89 /* Project object */;
			proxyType = 1;
			remoteGlobalIDString = 999019252179F80900E56F89;
			remoteInfo = Swift_002;
		};
		999019462179F81200E56F89 /* PBXContainerItemProxy */ = {
			isa = PBXContainerItemProxy;
			containerPortal = 9990191E2179F80900E56F89 /* Project object */;
			proxyType = 1;
			remoteGlobalIDString = 999019252179F80900E56F89;
			remoteInfo = Swift_002;
		};
/* End PBXContainerItemProxy section */

/* Begin PBXFileReference section */
		999019262179F80900E56F89 /* Swift_002.app */ = {isa = PBXFileReference; explicitFileType = wrapper.application; includeInIndex = 0; path = Swift_002.app; sourceTree = BUILT_PRODUCTS_DIR; };
		999019292179F80900E56F89 /* AppDelegate.swift */ = {isa = PBXFileReference; lastKnownFileType = sourcecode.swift; path = AppDelegate.swift; sourceTree = "<group>"; };
		9990192B2179F80900E56F89 /* ViewController.swift */ = {isa = PBXFileReference; lastKnownFileType = sourcecode.swift; path = ViewController.swift; sourceTree = "<group>"; };
		9990192E2179F80900E56F89 /* Base */ = {isa = PBXFileReference; lastKnownFileType = file.storyboard; name = Base; path = Base.lproj/Main.storyboard; sourceTree = "<group>"; };
		999019302179F81200E56F89 /* Assets.xcassets */ = {isa = PBXFileReference; lastKnownFileType = folder.assetcatalog; path = Assets.xcassets; sourceTree = "<group>"; };
		999019332179F81200E56F89 /* Base */ = {isa = PBXFileReference; lastKnownFileType = file.storyboard; name = Base; path = Base.lproj/LaunchScreen.storyboard; sourceTree = "<group>"; };
		999019352179F81200E56F89 /* Info.plist */ = {isa = PBXFileReference; lastKnownFileType = text.plist.xml; path = Info.plist; sourceTree = "<group>"; };
		9990193A2179F81200E56F89 /* Swift_002Tests.xctest */ = {isa = PBXFileReference; explicitFileType = wrapper.cfbundle; includeInIndex = 0; path = Swift_002Tests.xctest; sourceTree = BUILT_PRODUCTS_DIR; };
		9990193E2179F81200E56F89 /* Swift_002Tests.swift */ = {isa = PBXFileReference; lastKnownFileType = sourcecode.swift; path = Swift_002Tests.swift; sourceTree = "<group>"; };
		999019402179F81200E56F89 /* Info.plist */ = {isa = PBXFileReference; lastKnownFileType = text.plist.xml; path = Info.plist; sourceTree = "<group>"; };
		999019452179F81200E56F89 /* Swift_002UITests.xctest */ = {isa = PBXFileReference; explicitFileType = wrapper.cfbundle; includeInIndex = 0; path = Swift_002UITests.xctest; sourceTree = BUILT_PRODUCTS_DIR; };
		999019492179F81200E56F89 /* Swift_002UITests.swift */ = {isa = PBXFileReference; lastKnownFileType = sourcecode.swift; path = Swift_002UITests.swift; sourceTree = "<group>"; };
		9990194B2179F81300E56F89 /* Info.plist */ = {isa = PBXFileReference; lastKnownFileType = text.plist.xml; path = Info.plist; sourceTree = "<group>"; };
/* End PBXFileReference section */

/* Begin PBXFrameworksBuildPhase section */
		999019232179F80900E56F89 /* Frameworks */ = {
			isa = PBXFrameworksBuildPhase;
			buildActionMask = 2147483647;
			files = (
			);
			runOnlyForDeploymentPostprocessing = 0;
		};
		999019372179F81200E56F89 /* Frameworks */ = {
			isa = PBXFrameworksBuildPhase;
			buildActionMask = 2147483647;
			files = (
			);
			runOnlyForDeploymentPostprocessing = 0;
		};
		999019422179F81200E56F89 /* Frameworks */ = {
			isa = PBXFrameworksBuildPhase;
			buildActionMask = 2147483647;
			files = (
			);
			runOnlyForDeploymentPostprocessing = 0;
		};
/* End PBXFrameworksBuildPhase section */

/* Begin PBXGroup section */
		9990191D2179F80900E56F89 = {
			isa = PBXGroup;
			children = (
				999019282179F80900E56F89 /* Swift_002 */,
				9990193D2179F81200E56F89 /* Swift_002Tests */,
				999019482179F81200E56F89 /* Swift_002UITests */,
				999019272179F80900E56F89 /* Products */,
			);
			sourceTree = "<group>";
		};
		999019272179F80900E56F89 /* Products */ = {
			isa = PBXGroup;
			children = (
				999019262179F80900E56F89 /* Swift_002.app */,
				9990193A2179F81200E56F89 /* Swift_002Tests.xctest */,
				999019452179F81200E56F89 /* Swift_002UITests.xctest */,
			);
			name = Products;
			sourceTree = "<group>";
		};
		999019282179F80900E56F89 /* Swift_002 */ = {
			isa = PBXGroup;
			children = (
				999019292179F80900E56F89 /* AppDelegate.swift */,
				9990192B2179F80900E56F89 /* ViewController.swift */,
				9990192D2179F80900E56F89 /* Main.storyboard */,
				999019302179F81200E56F89 /* Assets.xcassets */,
				999019322179F81200E56F89 /* LaunchScreen.storyboard */,
				999019352179F81200E56F89 /* Info.plist */,
			);
			path = Swift_002;
			sourceTree = "<group>";
		};
		9990193D2179F81200E56F89 /* Swift_002Tests */ = {
			isa = PBXGroup;
			children = (
				9990193E2179F81200E56F89 /* Swift_002Tests.swift */,
				999019402179F81200E56F89 /* Info.plist */,
			);
			path = Swift_002Tests;
			sourceTree = "<group>";
		};
		999019482179F81200E56F89 /* Swift_002UITests */ = {
			isa = PBXGroup;
			children = (
				999019492179F81200E56F89 /* Swift_002UITests.swift */,
				9990194B2179F81300E56F89 /* Info.plist */,
			);
			path = Swift_002UITests;
			sourceTree = "<group>";
		};
/* End PBXGroup section */

/* Begin PBXNativeTarget section */
		999019252179F80900E56F89 /* Swift_002 */ = {
			isa = PBXNativeTarget;
			buildConfigurationList = 9990194E2179F81300E56F89 /* Build configuration list for PBXNativeTarget "Swift_002" */;
			buildPhases = (
				999019222179F80900E56F89 /* Sources */,
				999019232179F80900E56F89 /* Frameworks */,
				999019242179F80900E56F89 /* Resources */,
			);
			buildRules = (
			);
			dependencies = (
			);
			name = Swift_002;
			productName = Swift_002;
			productReference = 999019262179F80900E56F89 /* Swift_002.app */;
			productType = "com.apple.product-type.application";
		};
		999019392179F81200E56F89 /* Swift_002Tests */ = {
			isa = PBXNativeTarget;
			buildConfigurationList = 999019512179F81300E56F89 /* Build configuration list for PBXNativeTarget "Swift_002Tests" */;
			buildPhases = (
				999019362179F81200E56F89 /* Sources */,
				999019372179F81200E56F89 /* Frameworks */,
				999019382179F81200E56F89 /* Resources */,
			);
			buildRules = (
			);
			dependencies = (
				9990193C2179F81200E56F89 /* PBXTargetDependency */,
			);
			name = Swift_002Tests;
			productName = Swift_002Tests;
			productReference = 9990193A2179F81200E56F89 /* Swift_002Tests.xctest */;
			productType = "com.apple.product-type.bundle.unit-test";
		};
		999019442179F81200E56F89 /* Swift_002UITests */ = {
			isa = PBXNativeTarget;
			buildConfigurationList = 999019542179F81300E56F89 /* Build configuration list for PBXNativeTarget "Swift_002UITests" */;
			buildPhases = (
				999019412179F81200E56F89 /* Sources */,
				999019422179F81200E56F89 /* Frameworks */,
				999019432179F81200E56F89 /* Resources */,
			);
			buildRules = (
			);
			dependencies = (
				999019472179F81200E56F89 /* PBXTargetDependency */,
			);
			name = Swift_002UITests;
			productName = Swift_002UITests;
			productReference = 999019452179F81200E56F89 /* Swift_002UITests.xctest */;
			productType = "com.apple.product-type.bundle.ui-testing";
		};
/* End PBXNativeTarget section */

/* Begin PBXProject section */
		9990191E2179F80900E56F89 /* Project object */ = {
			isa = PBXProject;
			attributes = {
				LastSwiftUpdateCheck = 1000;
				LastUpgradeCheck = 1000;
				ORGANIZATIONNAME = "Lorenzo Collodi";
				TargetAttributes = {
					999019252179F80900E56F89 = {
						CreatedOnToolsVersion = 10.0;
					};
					999019392179F81200E56F89 = {
						CreatedOnToolsVersion = 10.0;
						TestTargetID = 999019252179F80900E56F89;
					};
					999019442179F81200E56F89 = {
						CreatedOnToolsVersion = 10.0;
						TestTargetID = 999019252179F80900E56F89;
					};
				};
			};
			buildConfigurationList = 999019212179F80900E56F89 /* Build configuration list for PBXProject "Swift_002" */;
			compatibilityVersion = "Xcode 9.3";
			developmentRegion = en;
			hasScannedForEncodings = 0;
			knownRegions = (
				en,
				Base,
			);
			mainGroup = 9990191D2179F80900E56F89;
			productRefGroup = 999019272179F80900E56F89 /* Products */;
			projectDirPath = "";
			projectRoot = "";
			targets = (
				999019252179F80900E56F89 /* Swift_002 */,
				999019392179F81200E56F89 /* Swift_002Tests */,
				999019442179F81200E56F89 /* Swift_002UITests */,
			);
		};
/* End PBXProject section */

/* Begin PBXResourcesBuildPhase section */
		999019242179F80900E56F89 /* Resources */ = {
			isa = PBXResourcesBuildPhase;
			buildActionMask = 2147483647;
			files = (
				999019342179F81200E56F89 /* LaunchScreen.storyboard in Resources */,
				999019312179F81200E56F89 /* Assets.xcassets in Resources */,
				9990192F2179F80900E56F89 /* Main.storyboard in Resources */,
			);
			runOnlyForDeploymentPostprocessing = 0;
		};
		999019382179F81200E56F89 /* Resources */ = {
			isa = PBXResourcesBuildPhase;
			buildActionMask = 2147483647;
			files = (
			);
			runOnlyForDeploymentPostprocessing = 0;
		};
		999019432179F81200E56F89 /* Resources */ = {
			isa = PBXResourcesBuildPhase;
			buildActionMask = 2147483647;
			files = (
			);
			runOnlyForDeploymentPostprocessing = 0;
		};
/* End PBXResourcesBuildPhase section */

/* Begin PBXSourcesBuildPhase section */
		999019222179F80900E56F89 /* Sources */ = {
			isa = PBXSourcesBuildPhase;
			buildActionMask = 2147483647;
			files = (
				9990192C2179F80900E56F89 /* ViewController.swift in Sources */,
				9990192A2179F80900E56F89 /* AppDelegate.swift in Sources */,
			);
			runOnlyForDeploymentPostprocessing = 0;
		};
		999019362179F81200E56F89 /* Sources */ = {
			isa = PBXSourcesBuildPhase;
			buildActionMask = 2147483647;
			files = (
				9990193F2179F81200E56F89 /* Swift_002Tests.swift in Sources */,
			);
			runOnlyForDeploymentPostprocessing = 0;
		};
		999019412179F81200E56F89 /* Sources */ = {
			isa = PBXSourcesBuildPhase;
			buildActionMask = 2147483647;
			files = (
				9990194A2179F81200E56F89 /* Swift_002UITests.swift in Sources */,
			);
			runOnlyForDeploymentPostprocessing = 0;
		};
/* End PBXSourcesBuildPhase section */

/* Begin PBXTargetDependency section */
		9990193C2179F81200E56F89 /* PBXTargetDependency */ = {
			isa = PBXTargetDependency;
			target = 999019252179F80900E56F89 /* Swift_002 */;
			targetProxy = 9990193B2179F81200E56F89 /* PBXContainerItemProxy */;
		};
		999019472179F81200E56F89 /* PBXTargetDependency */ = {
			isa = PBXTargetDependency;
			target = 999019252179F80900E56F89 /* Swift_002 */;
			targetProxy = 999019462179F81200E56F89 /* PBXContainerItemProxy */;
		};
/* End PBXTargetDependency section */

/* Begin PBXVariantGroup section */
		9990192D2179F80900E56F89 /* Main.storyboard */ = {
			isa = PBXVariantGroup;
			children = (
				9990192E2179F80900E56F89 /* Base */,
			);
			name = Main.storyboard;
			sourceTree = "<group>";
		};
		999019322179F81200E56F89 /* LaunchScreen.storyboard */ = {
			isa = PBXVariantGroup;
			children = (
				999019332179F81200E56F89 /* Base */,
			);
			name = LaunchScreen.storyboard;
			sourceTree = "<group>";
		};
/* End PBXVariantGroup section */

/* Begin XCBuildConfiguration section */
		9990194C2179F81300E56F89 /* Debug */ = {
			isa = XCBuildConfiguration;
			buildSettings = {
				ALWAYS_SEARCH_USER_PATHS = NO;
				CLANG_ANALYZER_NONNULL = YES;
				CLANG_ANALYZER_NUMBER_OBJECT_CONVERSION = YES_AGGRESSIVE;
				CLANG_CXX_LANGUAGE_STANDARD = "gnu++14";
				CLANG_CXX_LIBRARY = "libc++";
				CLANG_ENABLE_MODULES = YES;
				CLANG_ENABLE_OBJC_ARC = YES;
				CLANG_ENABLE_OBJC_WEAK = YES;
				CLANG_WARN_BLOCK_CAPTURE_AUTORELEASING = YES;
				CLANG_WARN_BOOL_CONVERSION = YES;
				CLANG_WARN_COMMA = YES;
				CLANG_WARN_CONSTANT_CONVERSION = YES;
				CLANG_WARN_DEPRECATED_OBJC_IMPLEMENTATIONS = YES;
				CLANG_WARN_DIRECT_OBJC_ISA_USAGE = YES_ERROR;
				CLANG_WARN_DOCUMENTATION_COMMENTS = YES;
				CLANG_WARN_EMPTY_BODY = YES;
				CLANG_WARN_ENUM_CONVERSION = YES;
				CLANG_WARN_INFINITE_RECURSION = YES;
				CLANG_WARN_INT_CONVERSION = YES;
				CLANG_WARN_NON_LITERAL_NULL_CONVERSION = YES;
				CLANG_WARN_OBJC_IMPLICIT_RETAIN_SELF = YES;
				CLANG_WARN_OBJC_LITERAL_CONVERSION = YES;
				CLANG_WARN_OBJC_ROOT_CLASS = YES_ERROR;
				CLANG_WARN_RANGE_LOOP_ANALYSIS = YES;
				CLANG_WARN_STRICT_PROTOTYPES = YES;
				CLANG_WARN_SUSPICIOUS_MOVE = YES;
				CLANG_WARN_UNGUARDED_AVAILABILITY = YES_AGGRESSIVE;
				CLANG_WARN_UNREACHABLE_CODE = YES;
				CLANG_WARN__DUPLICATE_METHOD_MATCH = YES;
				CODE_SIGN_IDENTITY = "iPhone Developer";
				COPY_PHASE_STRIP = NO;
				DEBUG_INFORMATION_FORMAT = dwarf;
				ENABLE_STRICT_OBJC_MSGSEND = YES;
				ENABLE_TESTABILITY = YES;
				GCC_C_LANGUAGE_STANDARD = gnu11;
				GCC_DYNAMIC_NO_PIC = NO;
				GCC_NO_COMMON_BLOCKS = YES;
				GCC_OPTIMIZATION_LEVEL = 0;
				GCC_PREPROCESSOR_DEFINITIONS = (
					"DEBUG=1",
					"$(inherited)",
				);
				GCC_WARN_64_TO_32_BIT_CONVERSION = YES;
				GCC_WARN_ABOUT_RETURN_TYPE = YES_ERROR;
				GCC_WARN_UNDECLARED_SELECTOR = YES;
				GCC_WARN_UNINITIALIZED_AUTOS = YES_AGGRESSIVE;
				GCC_WARN_UNUSED_FUNCTION = YES;
				GCC_WARN_UNUSED_VARIABLE = YES;
				IPHONEOS_DEPLOYMENT_TARGET = 12.0;
				MTL_ENABLE_DEBUG_INFO = INCLUDE_SOURCE;
				MTL_FAST_MATH = YES;
				ONLY_ACTIVE_ARCH = YES;
				SDKROOT = iphoneos;
				SWIFT_ACTIVE_COMPILATION_CONDITIONS = DEBUG;
				SWIFT_OPTIMIZATION_LEVEL = "-Onone";
			};
			name = Debug;
		};
		9990194D2179F81300E56F89 /* Release */ = {
			isa = XCBuildConfiguration;
			buildSettings = {
				ALWAYS_SEARCH_USER_PATHS = NO;
				CLANG_ANALYZER_NONNULL = YES;
				CLANG_ANALYZER_NUMBER_OBJECT_CONVERSION = YES_AGGRESSIVE;
				CLANG_CXX_LANGUAGE_STANDARD = "gnu++14";
				CLANG_CXX_LIBRARY = "libc++";
				CLANG_ENABLE_MODULES = YES;
				CLANG_ENABLE_OBJC_ARC = YES;
				CLANG_ENABLE_OBJC_WEAK = YES;
				CLANG_WARN_BLOCK_CAPTURE_AUTORELEASING = YES;
				CLANG_WARN_BOOL_CONVERSION = YES;
				CLANG_WARN_COMMA = YES;
				CLANG_WARN_CONSTANT_CONVERSION = YES;
				CLANG_WARN_DEPRECATED_OBJC_IMPLEMENTATIONS = YES;
				CLANG_WARN_DIRECT_OBJC_ISA_USAGE = YES_ERROR;
				CLANG_WARN_DOCUMENTATION_COMMENTS = YES;
				CLANG_WARN_EMPTY_BODY = YES;
				CLANG_WARN_ENUM_CONVERSION = YES;
				CLANG_WARN_INFINITE_RECURSION = YES;
				CLANG_WARN_INT_CONVERSION = YES;
				CLANG_WARN_NON_LITERAL_NULL_CONVERSION = YES;
				CLANG_WARN_OBJC_IMPLICIT_RETAIN_SELF = YES;
				CLANG_WARN_OBJC_LITERAL_CONVERSION = YES;
				CLANG_WARN_OBJC_ROOT_CLASS = YES_ERROR;
				CLANG_WARN_RANGE_LOOP_ANALYSIS = YES;
				CLANG_WARN_STRICT_PROTOTYPES = YES;
				CLANG_WARN_SUSPICIOUS_MOVE = YES;
				CLANG_WARN_UNGUARDED_AVAILABILITY = YES_AGGRESSIVE;
				CLANG_WARN_UNREACHABLE_CODE = YES;
				CLANG_WARN__DUPLICATE_METHOD_MATCH = YES;
				CODE_SIGN_IDENTITY = "iPhone Developer";
				COPY_PHASE_STRIP = NO;
				DEBUG_INFORMATION_FORMAT = "dwarf-with-dsym";
				ENABLE_NS_ASSERTIONS = NO;
				ENABLE_STRICT_OBJC_MSGSEND = YES;
				GCC_C_LANGUAGE_STANDARD = gnu11;
				GCC_NO_COMMON_BLOCKS = YES;
				GCC_WARN_64_TO_32_BIT_CONVERSION = YES;
				GCC_WARN_ABOUT_RETURN_TYPE = YES_ERROR;
				GCC_WARN_UNDECLARED_SELECTOR = YES;
				GCC_WARN_UNINITIALIZED_AUTOS = YES_AGGRESSIVE;
				GCC_WARN_UNUSED_FUNCTION = YES;
				GCC_WARN_UNUSED_VARIABLE = YES;
				IPHONEOS_DEPLOYMENT_TARGET = 12.0;
				MTL_ENABLE_DEBUG_INFO = NO;
				MTL_FAST_MATH = YES;
				SDKROOT = iphoneos;
				SWIFT_COMPILATION_MODE = wholemodule;
				SWIFT_OPTIMIZATION_LEVEL = "-O";
				VALIDATE_PRODUCT = YES;
			};
			name = Release;
		};
		9990194F2179F81300E56F89 /* Debug */ = {
			isa = XCBuildConfiguration;
			buildSettings = {
				ASSETCATALOG_COMPILER_APPICON_NAME = AppIcon;
				CODE_SIGN_STYLE = Automatic;
				INFOPLIST_FILE = Swift_002/Info.plist;
				LD_RUNPATH_SEARCH_PATHS = (
					"$(inherited)",
					"@executable_path/Frameworks",
				);
				PRODUCT_BUNDLE_IDENTIFIER = "com.lorenzoCollodi.Swift-002";
				PRODUCT_NAME = "$(TARGET_NAME)";
				SWIFT_VERSION = 4.2;
				TARGETED_DEVICE_FAMILY = "1,2";
			};
			name = Debug;
		};
		999019502179F81300E56F89 /* Release */ = {
			isa = XCBuildConfiguration;
			buildSettings = {
				ASSETCATALOG_COMPILER_APPICON_NAME = AppIcon;
				CODE_SIGN_STYLE = Automatic;
				INFOPLIST_FILE = Swift_002/Info.plist;
				LD_RUNPATH_SEARCH_PATHS = (
					"$(inherited)",
					"@executable_path/Frameworks",
				);
				PRODUCT_BUNDLE_IDENTIFIER = "com.lorenzoCollodi.Swift-002";
				PRODUCT_NAME = "$(TARGET_NAME)";
				SWIFT_VERSION = 4.2;
				TARGETED_DEVICE_FAMILY = "1,2";
			};
			name = Release;
		};
		999019522179F81300E56F89 /* Debug */ = {
			isa = XCBuildConfiguration;
			buildSettings = {
				ALWAYS_EMBED_SWIFT_STANDARD_LIBRARIES = YES;
				BUNDLE_LOADER = "$(TEST_HOST)";
				CODE_SIGN_STYLE = Automatic;
				INFOPLIST_FILE = Swift_002Tests/Info.plist;
				LD_RUNPATH_SEARCH_PATHS = (
					"$(inherited)",
					"@executable_path/Frameworks",
					"@loader_path/Frameworks",
				);
				PRODUCT_BUNDLE_IDENTIFIER = "com.lorenzoCollodi.Swift-002Tests";
				PRODUCT_NAME = "$(TARGET_NAME)";
				SWIFT_VERSION = 4.2;
				TARGETED_DEVICE_FAMILY = "1,2";
				TEST_HOST = "$(BUILT_PRODUCTS_DIR)/Swift_002.app/Swift_002";
			};
			name = Debug;
		};
		999019532179F81300E56F89 /* Release */ = {
			isa = XCBuildConfiguration;
			buildSettings = {
				ALWAYS_EMBED_SWIFT_STANDARD_LIBRARIES = YES;
				BUNDLE_LOADER = "$(TEST_HOST)";
				CODE_SIGN_STYLE = Automatic;
				INFOPLIST_FILE = Swift_002Tests/Info.plist;
				LD_RUNPATH_SEARCH_PATHS = (
					"$(inherited)",
					"@executable_path/Frameworks",
					"@loader_path/Frameworks",
				);
				PRODUCT_BUNDLE_IDENTIFIER = "com.lorenzoCollodi.Swift-002Tests";
				PRODUCT_NAME = "$(TARGET_NAME)";
				SWIFT_VERSION = 4.2;
				TARGETED_DEVICE_FAMILY = "1,2";
				TEST_HOST = "$(BUILT_PRODUCTS_DIR)/Swift_002.app/Swift_002";
			};
			name = Release;
		};
		999019552179F81300E56F89 /* Debug */ = {
			isa = XCBuildConfiguration;
			buildSettings = {
				ALWAYS_EMBED_SWIFT_STANDARD_LIBRARIES = YES;
				CODE_SIGN_STYLE = Automatic;
				INFOPLIST_FILE = Swift_002UITests/Info.plist;
				LD_RUNPATH_SEARCH_PATHS = (
					"$(inherited)",
					"@executable_path/Frameworks",
					"@loader_path/Frameworks",
				);
				PRODUCT_BUNDLE_IDENTIFIER = "com.lorenzoCollodi.Swift-002UITests";
				PRODUCT_NAME = "$(TARGET_NAME)";
				SWIFT_VERSION = 4.2;
				TARGETED_DEVICE_FAMILY = "1,2";
				TEST_TARGET_NAME = Swift_002;
			};
			name = Debug;
		};
		999019562179F81300E56F89 /* Release */ = {
			isa = XCBuildConfiguration;
			buildSettings = {
				ALWAYS_EMBED_SWIFT_STANDARD_LIBRARIES = YES;
				CODE_SIGN_STYLE = Automatic;
				INFOPLIST_FILE = Swift_002UITests/Info.plist;
				LD_RUNPATH_SEARCH_PATHS = (
					"$(inherited)",
					"@executable_path/Frameworks",
					"@loader_path/Frameworks",
				);
				PRODUCT_BUNDLE_IDENTIFIER = "com.lorenzoCollodi.Swift-002UITests";
				PRODUCT_NAME = "$(TARGET_NAME)";
				SWIFT_VERSION = 4.2;
				TARGETED_DEVICE_FAMILY = "1,2";
				TEST_TARGET_NAME = Swift_002;
			};
			name = Release;
		};
/* End XCBuildConfiguration section */

/* Begin XCConfigurationList section */
		999019212179F80900E56F89 /* Build configuration list for PBXProject "Swift_002" */ = {
			isa = XCConfigurationList;
			buildConfigurations = (
				9990194C2179F81300E56F89 /* Debug */,
				9990194D2179F81300E56F89 /* Release */,
			);
			defaultConfigurationIsVisible = 0;
			defaultConfigurationName = Release;
		};
		9990194E2179F81300E56F89 /* Build configuration list for PBXNativeTarget "Swift_002" */ = {
			isa = XCConfigurationList;
			buildConfigurations = (
				9990194F2179F81300E56F89 /* Debug */,
				999019502179F81300E56F89 /* Release */,
			);
			defaultConfigurationIsVisible = 0;
			defaultConfigurationName = Release;
		};
		999019512179F81300E56F89 /* Build configuration list for PBXNativeTarget "Swift_002Tests" */ = {
			isa = XCConfigurationList;
			buildConfigurations = (
				999019522179F81300E56F89 /* Debug */,
				999019532179F81300E56F89 /* Release */,
			);
			defaultConfigurationIsVisible = 0;
			defaultConfigurationName = Release;
		};
		999019542179F81300E56F89 /* Build configuration list for PBXNativeTarget "Swift_002UITests" */ = {
			isa = XCConfigurationList;
			buildConfigurations = (
				999019552179F81300E56F89 /* Debug */,
				999019562179F81300E56F89 /* Release */,
			);
			defaultConfigurationIsVisible = 0;
			defaultConfigurationName = Release;
		};
/* End XCConfigurationList section */
	};
	rootObject = 9990191E2179F80900E56F89 /* Project object */;
}
